
Microsoft Visual Studio Solution File, Format Version 12.00
# Visual Studio Version 16
VisualStudioVersion = 16.0.31112.23
MinimumVisualStudioVersion = 10.0.40219.1
Project("{8BC9CEB8-8B4A-11D0-8D11-00A0C91BC942}") = "모각코 심화 10일차", "모각코 심화 10일차\모각코 심화 10일차.vcxproj", "{834F0EC8-796F-48C3-9F1A-DDD87624EC95}"
EndProject
Global
	GlobalSection(SolutionConfigurationPlatforms) = preSolution
		Debug|x64 = Debug|x64
		Debug|x86 = Debug|x86
		Release|x64 = Release|x64
		Release|x86 = Release|x86
	EndGlobalSection
	GlobalSection(ProjectConfigurationPlatforms) = postSolution
		{834F0EC8-796F-48C3-9F1A-DDD87624EC95}.Debug|x64.ActiveCfg = Debug|x64
		{834F0EC8-796F-48C3-9F1A-DDD87624EC95}.Debug|x64.Build.0 = Debug|x64
		{834F0EC8-796F-48C3-9F1A-DDD87624EC95}.Debug|x86.ActiveCfg = Debug|Win32
		{834F0EC8-796F-48C3-9F1A-DDD87624EC95}.Debug|x86.Build.0 = Debug|Win32
		{834F0EC8-796F-48C3-9F1A-DDD87624EC95}.Release|x64.ActiveCfg = Release|x64
		{834F0EC8-796F-48C3-9F1A-DDD87624EC95}.Release|x64.Build.0 = Release|x64
		{834F0EC8-796F-48C3-9F1A-DDD87624EC95}.Release|x86.ActiveCfg = Release|Win32
		{834F0EC8-796F-48C3-9F1A-DDD87624EC95}.Release|x86.Build.0 = Release|Win32
	EndGlobalSection
	GlobalSection(SolutionProperties) = preSolution
		HideSolutionNode = FALSE
	EndGlobalSection
	GlobalSection(ExtensibilityGlobals) = postSolution
		SolutionGuid = {87BE2BA7-B525-465A-B9B2-B3232892A0E2}
	EndGlobalSection
EndGlobal
