
Microsoft Visual Studio Solution File, Format Version 12.00
# Visual Studio Version 16
VisualStudioVersion = 16.0.31112.23
MinimumVisualStudioVersion = 10.0.40219.1
Project("{8BC9CEB8-8B4A-11D0-8D11-00A0C91BC942}") = "모각코 아이 두 C 14일차", "모각코 아이 두 C 14일차\모각코 아이 두 C 14일차.vcxproj", "{821094D2-FDB2-425C-8F8C-0F81D4B46E89}"
EndProject
Global
	GlobalSection(SolutionConfigurationPlatforms) = preSolution
		Debug|x64 = Debug|x64
		Debug|x86 = Debug|x86
		Release|x64 = Release|x64
		Release|x86 = Release|x86
	EndGlobalSection
	GlobalSection(ProjectConfigurationPlatforms) = postSolution
		{821094D2-FDB2-425C-8F8C-0F81D4B46E89}.Debug|x64.ActiveCfg = Debug|x64
		{821094D2-FDB2-425C-8F8C-0F81D4B46E89}.Debug|x64.Build.0 = Debug|x64
		{821094D2-FDB2-425C-8F8C-0F81D4B46E89}.Debug|x86.ActiveCfg = Debug|Win32
		{821094D2-FDB2-425C-8F8C-0F81D4B46E89}.Debug|x86.Build.0 = Debug|Win32
		{821094D2-FDB2-425C-8F8C-0F81D4B46E89}.Release|x64.ActiveCfg = Release|x64
		{821094D2-FDB2-425C-8F8C-0F81D4B46E89}.Release|x64.Build.0 = Release|x64
		{821094D2-FDB2-425C-8F8C-0F81D4B46E89}.Release|x86.ActiveCfg = Release|Win32
		{821094D2-FDB2-425C-8F8C-0F81D4B46E89}.Release|x86.Build.0 = Release|Win32
	EndGlobalSection
	GlobalSection(SolutionProperties) = preSolution
		HideSolutionNode = FALSE
	EndGlobalSection
	GlobalSection(ExtensibilityGlobals) = postSolution
		SolutionGuid = {0C427908-9FE0-4B0B-8D61-AC31CF33515C}
	EndGlobalSection
EndGlobal
